
Microsoft Visual Studio Solution File, Format Version 12.00
# Visual Studio 15
VisualStudioVersion = 15.0.27703.2042
MinimumVisualStudioVersion = 10.0.40219.1
Project("{FAE04EC0-301F-11D3-BF4B-00C04F79EFBC}") = "WPFUI", "WPFUI\WPFUI.csproj", "{2DB81432-362D-4B98-8088-A79235D96F30}"
EndProject
Project("{FAE04EC0-301F-11D3-BF4B-00C04F79EFBC}") = "Engine", "Engine\Engine.csproj", "{A2FE40F0-0937-4C1E-9BD5-49FB659FB4E5}"
EndProject
Global
	GlobalSection(SolutionConfigurationPlatforms) = preSolution
		Debug|Any CPU = Debug|Any CPU
		Release|Any CPU = Release|Any CPU
	EndGlobalSection
	GlobalSection(ProjectConfigurationPlatforms) = postSolution
		{2DB81432-362D-4B98-8088-A79235D96F30}.Debug|Any CPU.ActiveCfg = Debug|Any CPU
		{2DB81432-362D-4B98-8088-A79235D96F30}.Debug|Any CPU.Build.0 = Debug|Any CPU
		{2DB81432-362D-4B98-8088-A79235D96F30}.Release|Any CPU.ActiveCfg = Release|Any CPU
		{2DB81432-362D-4B98-8088-A79235D96F30}.Release|Any CPU.Build.0 = Release|Any CPU
		{A2FE40F0-0937-4C1E-9BD5-49FB659FB4E5}.Debug|Any CPU.ActiveCfg = Debug|Any CPU
		{A2FE40F0-0937-4C1E-9BD5-49FB659FB4E5}.Debug|Any CPU.Build.0 = Debug|Any CPU
		{A2FE40F0-0937-4C1E-9BD5-49FB659FB4E5}.Release|Any CPU.ActiveCfg = Release|Any CPU
		{A2FE40F0-0937-4C1E-9BD5-49FB659FB4E5}.Release|Any CPU.Build.0 = Release|Any CPU
	EndGlobalSection
	GlobalSection(SolutionProperties) = preSolution
		HideSolutionNode = FALSE
	EndGlobalSection
	GlobalSection(ExtensibilityGlobals) = postSolution
		SolutionGuid = {5E662667-61F8-4519-A36A-4CACC5D33E79}
	EndGlobalSection
EndGlobal
